
Microsoft Visual Studio Solution File, Format Version 12.00
# Visual Studio 15
VisualStudioVersion = 15.0.26730.16
MinimumVisualStudioVersion = 10.0.40219.1
Project("{FAE04EC0-301F-11D3-BF4B-00C04F79EFBC}") = "Thw_3.1", "Thw_3.1\Thw_3.1.csproj", "{6DF68FFB-CA1B-4319-957F-D9AE91D69944}"
EndProject
Global
	GlobalSection(SolutionConfigurationPlatforms) = preSolution
		Debug|Any CPU = Debug|Any CPU
		Release|Any CPU = Release|Any CPU
	EndGlobalSection
	GlobalSection(ProjectConfigurationPlatforms) = postSolution
		{6DF68FFB-CA1B-4319-957F-D9AE91D69944}.Debug|Any CPU.ActiveCfg = Debug|Any CPU
		{6DF68FFB-CA1B-4319-957F-D9AE91D69944}.Debug|Any CPU.Build.0 = Debug|Any CPU
		{6DF68FFB-CA1B-4319-957F-D9AE91D69944}.Release|Any CPU.ActiveCfg = Release|Any CPU
		{6DF68FFB-CA1B-4319-957F-D9AE91D69944}.Release|Any CPU.Build.0 = Release|Any CPU
	EndGlobalSection
	GlobalSection(SolutionProperties) = preSolution
		HideSolutionNode = FALSE
	EndGlobalSection
	GlobalSection(ExtensibilityGlobals) = postSolution
		SolutionGuid = {7996D606-3D9D-41B5-8D03-4ECF2F63F4FA}
	EndGlobalSection
EndGlobal
