
Microsoft Visual Studio Solution File, Format Version 12.00
# Visual Studio 15
VisualStudioVersion = 15.0.26730.16
MinimumVisualStudioVersion = 10.0.40219.1
Project("{FAE04EC0-301F-11D3-BF4B-00C04F79EFBC}") = "Thw_5", "Thw_5\Thw_5.csproj", "{CC189E99-5768-48C2-AEDA-80868BC835B2}"
EndProject
Global
	GlobalSection(SolutionConfigurationPlatforms) = preSolution
		Debug|Any CPU = Debug|Any CPU
		Release|Any CPU = Release|Any CPU
	EndGlobalSection
	GlobalSection(ProjectConfigurationPlatforms) = postSolution
		{CC189E99-5768-48C2-AEDA-80868BC835B2}.Debug|Any CPU.ActiveCfg = Debug|Any CPU
		{CC189E99-5768-48C2-AEDA-80868BC835B2}.Debug|Any CPU.Build.0 = Debug|Any CPU
		{CC189E99-5768-48C2-AEDA-80868BC835B2}.Release|Any CPU.ActiveCfg = Release|Any CPU
		{CC189E99-5768-48C2-AEDA-80868BC835B2}.Release|Any CPU.Build.0 = Release|Any CPU
	EndGlobalSection
	GlobalSection(SolutionProperties) = preSolution
		HideSolutionNode = FALSE
	EndGlobalSection
	GlobalSection(ExtensibilityGlobals) = postSolution
		SolutionGuid = {DF91354E-855E-4270-AC1F-0C3635E67399}
	EndGlobalSection
EndGlobal
